PODS:
  - AdplorgCapacitorInAppPurchase (2.0.64):
    - Capacitor
  - Capacitor (8.0.0):
    - CapacitorCordova
  - CapacitorCommunityAppleSignIn (7.1.0):
    - Capacitor
  - CapacitorCordova (8.0.0)
  - CapacitorScreenOrientation (7.0.2):
    - Capacitor

DEPENDENCIES:
  - "AdplorgCapacitorInAppPurchase (from `../../node_modules/@adplorg/capacitor-in-app-purchase`)"
  - "Capacitor (from `../../node_modules/@capacitor/ios`)"
  - "CapacitorCommunityAppleSignIn (from `../../node_modules/@capacitor-community/apple-sign-in`)"
  - "CapacitorCordova (from `../../node_modules/@capacitor/ios`)"
  - "CapacitorScreenOrientation (from `../../node_modules/@capacitor/screen-orientation`)"

EXTERNAL SOURCES:
  AdplorgCapacitorInAppPurchase:
    :path: "../../node_modules/@adplorg/capacitor-in-app-purchase"
  Capacitor:
    :path: "../../node_modules/@capacitor/ios"
  CapacitorCommunityAppleSignIn:
    :path: "../../node_modules/@capacitor-community/apple-sign-in"
  CapacitorCordova:
    :path: "../../node_modules/@capacitor/ios"
  CapacitorScreenOrientation:
    :path: "../../node_modules/@capacitor/screen-orientation"

SPEC CHECKSUMS:
  AdplorgCapacitorInAppPurchase: f66951412b6738ff699dad6d193f92c86e8c7aa0
  Capacitor: 341ff7cf652ec695d1a8ebf604db448ac7b6d635
  CapacitorCommunityAppleSignIn: 271cb2860576fd2961508bbfa7a82117d93eadca
  CapacitorCordova: 5dc3912d25ef770a3fe0f431bb65c9fbfa2e92f9
  CapacitorScreenOrientation: e0d5b9ef293b269b8f93373355d5b276f50fabea

PODFILE CHECKSUM: d83efc5ca3998bc5e2a111b0fc7f1e3aba507a3b

COCOAPODS: 1.16.2
